# THIS IS AN AUTOGENERATED FILE. DO NOT EDIT THIS FILE DIRECTLY.
# yarn lockfile v1


simple-parallax-js@^5.6.2:
  version "5.6.2"
  resolved "https://registry.yarnpkg.com/simple-parallax-js/-/simple-parallax-js-5.6.2.tgz#6515432c9e265d8e5e0f8a6691a8b0d6333b3acb"
  integrity sha512-qJPZgg37BstDyvNqONU1YffiJ9P5n4B9IPl5h3kzZ2oEinTRwy1syxfEwTMLXYFHAFCRWXUcWD8yBnVcp8nxdA==
